
Microsoft Visual Studio Solution File, Format Version 12.00
# Visual Studio Version 17
VisualStudioVersion = 17.10.35013.160
MinimumVisualStudioVersion = 10.0.40219.1
Project("{FAE04EC0-301F-11D3-BF4B-00C04F79EFBC}") = "ASP CRUD MVC", "ASP CRUD MVC\ASP CRUD MVC.csproj", "{CA383FB3-7FED-4BA3-8913-77A3F4AA7506}"
EndProject
Global
	GlobalSection(SolutionConfigurationPlatforms) = preSolution
		Debug|Any CPU = Debug|Any CPU
		Release|Any CPU = Release|Any CPU
	EndGlobalSection
	GlobalSection(ProjectConfigurationPlatforms) = postSolution
		{CA383FB3-7FED-4BA3-8913-77A3F4AA7506}.Debug|Any CPU.ActiveCfg = Debug|Any CPU
		{CA383FB3-7FED-4BA3-8913-77A3F4AA7506}.Debug|Any CPU.Build.0 = Debug|Any CPU
		{CA383FB3-7FED-4BA3-8913-77A3F4AA7506}.Release|Any CPU.ActiveCfg = Release|Any CPU
		{CA383FB3-7FED-4BA3-8913-77A3F4AA7506}.Release|Any CPU.Build.0 = Release|Any CPU
	EndGlobalSection
	GlobalSection(SolutionProperties) = preSolution
		HideSolutionNode = FALSE
	EndGlobalSection
	GlobalSection(ExtensibilityGlobals) = postSolution
		SolutionGuid = {7C56A5AD-3D8D-4D0F-9274-D30F6EB9AC42}
	EndGlobalSection
EndGlobal
